
Microsoft Visual Studio Solution File, Format Version 12.00
# Visual Studio Version 17
VisualStudioVersion = 17.3.32929.385
MinimumVisualStudioVersion = 10.0.40219.1
Project("{FAE04EC0-301F-11D3-BF4B-00C04F79EFBC}") = "Function", "Function\Function.csproj", "{0AEDE0F3-9847-45D8-9BE3-B5854082B9BC}"
EndProject
Global
	GlobalSection(SolutionConfigurationPlatforms) = preSolution
		Debug|Any CPU = Debug|Any CPU
		Release|Any CPU = Release|Any CPU
	EndGlobalSection
	GlobalSection(ProjectConfigurationPlatforms) = postSolution
		{0AEDE0F3-9847-45D8-9BE3-B5854082B9BC}.Debug|Any CPU.ActiveCfg = Debug|Any CPU
		{0AEDE0F3-9847-45D8-9BE3-B5854082B9BC}.Debug|Any CPU.Build.0 = Debug|Any CPU
		{0AEDE0F3-9847-45D8-9BE3-B5854082B9BC}.Release|Any CPU.ActiveCfg = Release|Any CPU
		{0AEDE0F3-9847-45D8-9BE3-B5854082B9BC}.Release|Any CPU.Build.0 = Release|Any CPU
	EndGlobalSection
	GlobalSection(SolutionProperties) = preSolution
		HideSolutionNode = FALSE
	EndGlobalSection
	GlobalSection(ExtensibilityGlobals) = postSolution
		SolutionGuid = {670EFCB1-6181-466A-91B0-18CAA43E5507}
	EndGlobalSection
EndGlobal
