
Microsoft Visual Studio Solution File, Format Version 12.00
# Visual Studio Version 17
VisualStudioVersion = 17.3.32929.385
MinimumVisualStudioVersion = 10.0.40219.1
Project("{FAE04EC0-301F-11D3-BF4B-00C04F79EFBC}") = "StreamWriter", "StreamWriter\StreamWriter.csproj", "{E979090F-3D99-4A06-969C-73B73E6B30CC}"
EndProject
Global
	GlobalSection(SolutionConfigurationPlatforms) = preSolution
		Debug|Any CPU = Debug|Any CPU
		Release|Any CPU = Release|Any CPU
	EndGlobalSection
	GlobalSection(ProjectConfigurationPlatforms) = postSolution
		{E979090F-3D99-4A06-969C-73B73E6B30CC}.Debug|Any CPU.ActiveCfg = Debug|Any CPU
		{E979090F-3D99-4A06-969C-73B73E6B30CC}.Debug|Any CPU.Build.0 = Debug|Any CPU
		{E979090F-3D99-4A06-969C-73B73E6B30CC}.Release|Any CPU.ActiveCfg = Release|Any CPU
		{E979090F-3D99-4A06-969C-73B73E6B30CC}.Release|Any CPU.Build.0 = Release|Any CPU
	EndGlobalSection
	GlobalSection(SolutionProperties) = preSolution
		HideSolutionNode = FALSE
	EndGlobalSection
	GlobalSection(ExtensibilityGlobals) = postSolution
		SolutionGuid = {A91D443F-DD82-4DA6-8DA0-3BB668464200}
	EndGlobalSection
EndGlobal
