
Microsoft Visual Studio Solution File, Format Version 12.00
# Visual Studio Version 17
VisualStudioVersion = 17.3.32929.385
MinimumVisualStudioVersion = 10.0.40219.1
Project("{FAE04EC0-301F-11D3-BF4B-00C04F79EFBC}") = "ArrayReverse", "ArrayReverse\ArrayReverse.csproj", "{2D1BBE76-69DF-40FF-9A47-5211EC3AA356}"
EndProject
Global
	GlobalSection(SolutionConfigurationPlatforms) = preSolution
		Debug|Any CPU = Debug|Any CPU
		Release|Any CPU = Release|Any CPU
	EndGlobalSection
	GlobalSection(ProjectConfigurationPlatforms) = postSolution
		{2D1BBE76-69DF-40FF-9A47-5211EC3AA356}.Debug|Any CPU.ActiveCfg = Debug|Any CPU
		{2D1BBE76-69DF-40FF-9A47-5211EC3AA356}.Debug|Any CPU.Build.0 = Debug|Any CPU
		{2D1BBE76-69DF-40FF-9A47-5211EC3AA356}.Release|Any CPU.ActiveCfg = Release|Any CPU
		{2D1BBE76-69DF-40FF-9A47-5211EC3AA356}.Release|Any CPU.Build.0 = Release|Any CPU
	EndGlobalSection
	GlobalSection(SolutionProperties) = preSolution
		HideSolutionNode = FALSE
	EndGlobalSection
	GlobalSection(ExtensibilityGlobals) = postSolution
		SolutionGuid = {401E6A60-7FC0-4F4C-9857-B03F3D913B61}
	EndGlobalSection
EndGlobal
