
Microsoft Visual Studio Solution File, Format Version 12.00
# Visual Studio Version 17
VisualStudioVersion = 17.3.32929.385
MinimumVisualStudioVersion = 10.0.40219.1
Project("{FAE04EC0-301F-11D3-BF4B-00C04F79EFBC}") = "FileInfo", "FileInfo\FileInfo.csproj", "{1F34A93A-B78D-46F3-AA23-81C8F2E0B22D}"
EndProject
Global
	GlobalSection(SolutionConfigurationPlatforms) = preSolution
		Debug|Any CPU = Debug|Any CPU
		Release|Any CPU = Release|Any CPU
	EndGlobalSection
	GlobalSection(ProjectConfigurationPlatforms) = postSolution
		{1F34A93A-B78D-46F3-AA23-81C8F2E0B22D}.Debug|Any CPU.ActiveCfg = Debug|Any CPU
		{1F34A93A-B78D-46F3-AA23-81C8F2E0B22D}.Debug|Any CPU.Build.0 = Debug|Any CPU
		{1F34A93A-B78D-46F3-AA23-81C8F2E0B22D}.Release|Any CPU.ActiveCfg = Release|Any CPU
		{1F34A93A-B78D-46F3-AA23-81C8F2E0B22D}.Release|Any CPU.Build.0 = Release|Any CPU
	EndGlobalSection
	GlobalSection(SolutionProperties) = preSolution
		HideSolutionNode = FALSE
	EndGlobalSection
	GlobalSection(ExtensibilityGlobals) = postSolution
		SolutionGuid = {78466217-C8A3-4EC0-82BB-9CA169DC586E}
	EndGlobalSection
EndGlobal
