
Microsoft Visual Studio Solution File, Format Version 12.00
# Visual Studio Version 17
VisualStudioVersion = 17.3.32929.385
MinimumVisualStudioVersion = 10.0.40219.1
Project("{FAE04EC0-301F-11D3-BF4B-00C04F79EFBC}") = "FirstProgram", "FirstProgram\FirstProgram.csproj", "{DA5D9D7B-C647-4A06-A4B1-818749B7D18D}"
EndProject
Global
	GlobalSection(SolutionConfigurationPlatforms) = preSolution
		Debug|Any CPU = Debug|Any CPU
		Release|Any CPU = Release|Any CPU
	EndGlobalSection
	GlobalSection(ProjectConfigurationPlatforms) = postSolution
		{DA5D9D7B-C647-4A06-A4B1-818749B7D18D}.Debug|Any CPU.ActiveCfg = Debug|Any CPU
		{DA5D9D7B-C647-4A06-A4B1-818749B7D18D}.Debug|Any CPU.Build.0 = Debug|Any CPU
		{DA5D9D7B-C647-4A06-A4B1-818749B7D18D}.Release|Any CPU.ActiveCfg = Release|Any CPU
		{DA5D9D7B-C647-4A06-A4B1-818749B7D18D}.Release|Any CPU.Build.0 = Release|Any CPU
	EndGlobalSection
	GlobalSection(SolutionProperties) = preSolution
		HideSolutionNode = FALSE
	EndGlobalSection
	GlobalSection(ExtensibilityGlobals) = postSolution
		SolutionGuid = {61A23B19-21F9-43EB-A506-1DF818926BC5}
	EndGlobalSection
EndGlobal
