
Microsoft Visual Studio Solution File, Format Version 12.00
# Visual Studio Version 17
VisualStudioVersion = 17.3.32929.385
MinimumVisualStudioVersion = 10.0.40219.1
Project("{FAE04EC0-301F-11D3-BF4B-00C04F79EFBC}") = "ClassObjectExm", "ClassObjectExm\ClassObjectExm.csproj", "{03E2F975-FC72-47FA-9FFC-29E02E5B8CAC}"
EndProject
Global
	GlobalSection(SolutionConfigurationPlatforms) = preSolution
		Debug|Any CPU = Debug|Any CPU
		Release|Any CPU = Release|Any CPU
	EndGlobalSection
	GlobalSection(ProjectConfigurationPlatforms) = postSolution
		{03E2F975-FC72-47FA-9FFC-29E02E5B8CAC}.Debug|Any CPU.ActiveCfg = Debug|Any CPU
		{03E2F975-FC72-47FA-9FFC-29E02E5B8CAC}.Debug|Any CPU.Build.0 = Debug|Any CPU
		{03E2F975-FC72-47FA-9FFC-29E02E5B8CAC}.Release|Any CPU.ActiveCfg = Release|Any CPU
		{03E2F975-FC72-47FA-9FFC-29E02E5B8CAC}.Release|Any CPU.Build.0 = Release|Any CPU
	EndGlobalSection
	GlobalSection(SolutionProperties) = preSolution
		HideSolutionNode = FALSE
	EndGlobalSection
	GlobalSection(ExtensibilityGlobals) = postSolution
		SolutionGuid = {7B2478BA-279A-4A78-99D7-FB55F96EF330}
	EndGlobalSection
EndGlobal
