
Microsoft Visual Studio Solution File, Format Version 12.00
# Visual Studio Version 17
VisualStudioVersion = 17.3.32929.385
MinimumVisualStudioVersion = 10.0.40219.1
Project("{FAE04EC0-301F-11D3-BF4B-00C04F79EFBC}") = "Enum", "Enum\Enum.csproj", "{A15BBF0C-1E2D-431C-8456-CD777708B5E7}"
EndProject
Global
	GlobalSection(SolutionConfigurationPlatforms) = preSolution
		Debug|Any CPU = Debug|Any CPU
		Release|Any CPU = Release|Any CPU
	EndGlobalSection
	GlobalSection(ProjectConfigurationPlatforms) = postSolution
		{A15BBF0C-1E2D-431C-8456-CD777708B5E7}.Debug|Any CPU.ActiveCfg = Debug|Any CPU
		{A15BBF0C-1E2D-431C-8456-CD777708B5E7}.Debug|Any CPU.Build.0 = Debug|Any CPU
		{A15BBF0C-1E2D-431C-8456-CD777708B5E7}.Release|Any CPU.ActiveCfg = Release|Any CPU
		{A15BBF0C-1E2D-431C-8456-CD777708B5E7}.Release|Any CPU.Build.0 = Release|Any CPU
	EndGlobalSection
	GlobalSection(SolutionProperties) = preSolution
		HideSolutionNode = FALSE
	EndGlobalSection
	GlobalSection(ExtensibilityGlobals) = postSolution
		SolutionGuid = {BB9591DC-B188-4653-AB54-6BE8714B1183}
	EndGlobalSection
EndGlobal
