
Microsoft Visual Studio Solution File, Format Version 12.00
# Visual Studio Version 17
VisualStudioVersion = 17.3.32929.385
MinimumVisualStudioVersion = 10.0.40219.1
Project("{FAE04EC0-301F-11D3-BF4B-00C04F79EFBC}") = "MulticastDelegate", "MulticastDelegate\MulticastDelegate.csproj", "{1870B183-B5A0-4F4A-89DD-760FB1AB372A}"
EndProject
Global
	GlobalSection(SolutionConfigurationPlatforms) = preSolution
		Debug|Any CPU = Debug|Any CPU
		Release|Any CPU = Release|Any CPU
	EndGlobalSection
	GlobalSection(ProjectConfigurationPlatforms) = postSolution
		{1870B183-B5A0-4F4A-89DD-760FB1AB372A}.Debug|Any CPU.ActiveCfg = Debug|Any CPU
		{1870B183-B5A0-4F4A-89DD-760FB1AB372A}.Debug|Any CPU.Build.0 = Debug|Any CPU
		{1870B183-B5A0-4F4A-89DD-760FB1AB372A}.Release|Any CPU.ActiveCfg = Release|Any CPU
		{1870B183-B5A0-4F4A-89DD-760FB1AB372A}.Release|Any CPU.Build.0 = Release|Any CPU
	EndGlobalSection
	GlobalSection(SolutionProperties) = preSolution
		HideSolutionNode = FALSE
	EndGlobalSection
	GlobalSection(ExtensibilityGlobals) = postSolution
		SolutionGuid = {DDA4C7B8-7AE5-4A3D-BDE1-AE799CE153A7}
	EndGlobalSection
EndGlobal
