
Microsoft Visual Studio Solution File, Format Version 12.00
# Visual Studio Version 17
VisualStudioVersion = 17.3.32929.385
MinimumVisualStudioVersion = 10.0.40219.1
Project("{FAE04EC0-301F-11D3-BF4B-00C04F79EFBC}") = "CheckUncheckException", "CheckUncheckException\CheckUncheckException.csproj", "{DBBDDAAC-04EF-4028-A949-E33982BF0FD0}"
EndProject
Global
	GlobalSection(SolutionConfigurationPlatforms) = preSolution
		Debug|Any CPU = Debug|Any CPU
		Release|Any CPU = Release|Any CPU
	EndGlobalSection
	GlobalSection(ProjectConfigurationPlatforms) = postSolution
		{DBBDDAAC-04EF-4028-A949-E33982BF0FD0}.Debug|Any CPU.ActiveCfg = Debug|Any CPU
		{DBBDDAAC-04EF-4028-A949-E33982BF0FD0}.Debug|Any CPU.Build.0 = Debug|Any CPU
		{DBBDDAAC-04EF-4028-A949-E33982BF0FD0}.Release|Any CPU.ActiveCfg = Release|Any CPU
		{DBBDDAAC-04EF-4028-A949-E33982BF0FD0}.Release|Any CPU.Build.0 = Release|Any CPU
	EndGlobalSection
	GlobalSection(SolutionProperties) = preSolution
		HideSolutionNode = FALSE
	EndGlobalSection
	GlobalSection(ExtensibilityGlobals) = postSolution
		SolutionGuid = {3F9D467F-FF8A-4496-BCB5-E494EE16E61A}
	EndGlobalSection
EndGlobal
