
Microsoft Visual Studio Solution File, Format Version 12.00
# Visual Studio Version 17
VisualStudioVersion = 17.3.32929.385
MinimumVisualStudioVersion = 10.0.40219.1
Project("{FAE04EC0-301F-11D3-BF4B-00C04F79EFBC}") = "StringvsStringBuffer", "StringvsStringBuffer\StringvsStringBuffer.csproj", "{3B7AA13A-7D95-4175-8CA0-8579FB1A0B87}"
EndProject
Global
	GlobalSection(SolutionConfigurationPlatforms) = preSolution
		Debug|Any CPU = Debug|Any CPU
		Release|Any CPU = Release|Any CPU
	EndGlobalSection
	GlobalSection(ProjectConfigurationPlatforms) = postSolution
		{3B7AA13A-7D95-4175-8CA0-8579FB1A0B87}.Debug|Any CPU.ActiveCfg = Debug|Any CPU
		{3B7AA13A-7D95-4175-8CA0-8579FB1A0B87}.Debug|Any CPU.Build.0 = Debug|Any CPU
		{3B7AA13A-7D95-4175-8CA0-8579FB1A0B87}.Release|Any CPU.ActiveCfg = Release|Any CPU
		{3B7AA13A-7D95-4175-8CA0-8579FB1A0B87}.Release|Any CPU.Build.0 = Release|Any CPU
	EndGlobalSection
	GlobalSection(SolutionProperties) = preSolution
		HideSolutionNode = FALSE
	EndGlobalSection
	GlobalSection(ExtensibilityGlobals) = postSolution
		SolutionGuid = {C6950987-E217-4805-947E-C53E548DC671}
	EndGlobalSection
EndGlobal
