
Microsoft Visual Studio Solution File, Format Version 12.00
# Visual Studio Version 17
VisualStudioVersion = 17.3.32929.385
MinimumVisualStudioVersion = 10.0.40219.1
Project("{FAE04EC0-301F-11D3-BF4B-00C04F79EFBC}") = "MultiLevelInheritance", "MultiLevelInheritance\MultiLevelInheritance.csproj", "{C3FBAD7F-6003-4222-891A-440DEEEB3B73}"
EndProject
Global
	GlobalSection(SolutionConfigurationPlatforms) = preSolution
		Debug|Any CPU = Debug|Any CPU
		Release|Any CPU = Release|Any CPU
	EndGlobalSection
	GlobalSection(ProjectConfigurationPlatforms) = postSolution
		{C3FBAD7F-6003-4222-891A-440DEEEB3B73}.Debug|Any CPU.ActiveCfg = Debug|Any CPU
		{C3FBAD7F-6003-4222-891A-440DEEEB3B73}.Debug|Any CPU.Build.0 = Debug|Any CPU
		{C3FBAD7F-6003-4222-891A-440DEEEB3B73}.Release|Any CPU.ActiveCfg = Release|Any CPU
		{C3FBAD7F-6003-4222-891A-440DEEEB3B73}.Release|Any CPU.Build.0 = Release|Any CPU
	EndGlobalSection
	GlobalSection(SolutionProperties) = preSolution
		HideSolutionNode = FALSE
	EndGlobalSection
	GlobalSection(ExtensibilityGlobals) = postSolution
		SolutionGuid = {CED688B7-8295-4921-B518-3A8D3F66ED01}
	EndGlobalSection
EndGlobal
